
Microsoft Visual Studio Solution File, Format Version 12.00
# Visual Studio 15
VisualStudioVersion = 15.0.28307.852
MinimumVisualStudioVersion = 10.0.40219.1
Project("{FAE04EC0-301F-11D3-BF4B-00C04F79EFBC}") = "VisualizationRecorder", "VisualizationRecorder\VisualizationRecorder.csproj", "{28FB5D10-52A7-4F64-81FF-B70A788754F9}"
EndProject
Project("{9A19103F-16F7-4668-BE54-9A1E7A4F7556}") = "BigIntegerExtension", "..\SundryUtilty\.NET Standard\BigIntegerExtension\BigIntegerExtension.csproj", "{46CA3186-2216-4A9E-B542-EC6356E0DF8A}"
EndProject
Project("{9A19103F-16F7-4668-BE54-9A1E7A4F7556}") = "SuckerInterpreter", "..\SundryUtilty\.NET Standard\Sucker\SuckerInterpreter\SuckerInterpreter.csproj", "{2DD5F2C5-E0E9-4001-830B-1F8836B868C7}"
EndProject
Global
	GlobalSection(SolutionConfigurationPlatforms) = preSolution
		Debug|Any CPU = Debug|Any CPU
		Debug|ARM = Debug|ARM
		Debug|ARM64 = Debug|ARM64
		Debug|x64 = Debug|x64
		Debug|x86 = Debug|x86
		Release|Any CPU = Release|Any CPU
		Release|ARM = Release|ARM
		Release|ARM64 = Release|ARM64
		Release|x64 = Release|x64
		Release|x86 = Release|x86
	EndGlobalSection
	GlobalSection(ProjectConfigurationPlatforms) = postSolution
		{28FB5D10-52A7-4F64-81FF-B70A788754F9}.Debug|Any CPU.ActiveCfg = Debug|x64
		{28FB5D10-52A7-4F64-81FF-B70A788754F9}.Debug|Any CPU.Build.0 = Debug|x64
		{28FB5D10-52A7-4F64-81FF-B70A788754F9}.Debug|Any CPU.Deploy.0 = Debug|x64
		{28FB5D10-52A7-4F64-81FF-B70A788754F9}.Debug|ARM.ActiveCfg = Debug|ARM
		{28FB5D10-52A7-4F64-81FF-B70A788754F9}.Debug|ARM.Build.0 = Debug|ARM
		{28FB5D10-52A7-4F64-81FF-B70A788754F9}.Debug|ARM.Deploy.0 = Debug|ARM
		{28FB5D10-52A7-4F64-81FF-B70A788754F9}.Debug|ARM64.ActiveCfg = Debug|ARM64
		{28FB5D10-52A7-4F64-81FF-B70A788754F9}.Debug|ARM64.Build.0 = Debug|ARM64
		{28FB5D10-52A7-4F64-81FF-B70A788754F9}.Debug|ARM64.Deploy.0 = Debug|ARM64
		{28FB5D10-52A7-4F64-81FF-B70A788754F9}.Debug|x64.ActiveCfg = Debug|x64
		{28FB5D10-52A7-4F64-81FF-B70A788754F9}.Debug|x64.Build.0 = Debug|x64
		{28FB5D10-52A7-4F64-81FF-B70A788754F9}.Debug|x64.Deploy.0 = Debug|x64
		{28FB5D10-52A7-4F64-81FF-B70A788754F9}.Debug|x86.ActiveCfg = Debug|x86
		{28FB5D10-52A7-4F64-81FF-B70A788754F9}.Debug|x86.Build.0 = Debug|x86
		{28FB5D10-52A7-4F64-81FF-B70A788754F9}.Debug|x86.Deploy.0 = Debug|x86
		{28FB5D10-52A7-4F64-81FF-B70A788754F9}.Release|Any CPU.ActiveCfg = Release|x86
		{28FB5D10-52A7-4F64-81FF-B70A788754F9}.Release|ARM.ActiveCfg = Release|ARM
		{28FB5D10-52A7-4F64-81FF-B70A788754F9}.Release|ARM.Build.0 = Release|ARM
		{28FB5D10-52A7-4F64-81FF-B70A788754F9}.Release|ARM.Deploy.0 = Release|ARM
		{28FB5D10-52A7-4F64-81FF-B70A788754F9}.Release|ARM64.ActiveCfg = Release|ARM64
		{28FB5D10-52A7-4F64-81FF-B70A788754F9}.Release|ARM64.Build.0 = Release|ARM64
		{28FB5D10-52A7-4F64-81FF-B70A788754F9}.Release|ARM64.Deploy.0 = Release|ARM64
		{28FB5D10-52A7-4F64-81FF-B70A788754F9}.Release|x64.ActiveCfg = Release|x64
		{28FB5D10-52A7-4F64-81FF-B70A788754F9}.Release|x64.Build.0 = Release|x64
		{28FB5D10-52A7-4F64-81FF-B70A788754F9}.Release|x64.Deploy.0 = Release|x64
		{28FB5D10-52A7-4F64-81FF-B70A788754F9}.Release|x86.ActiveCfg = Release|x86
		{28FB5D10-52A7-4F64-81FF-B70A788754F9}.Release|x86.Build.0 = Release|x86
		{28FB5D10-52A7-4F64-81FF-B70A788754F9}.Release|x86.Deploy.0 = Release|x86
		{46CA3186-2216-4A9E-B542-EC6356E0DF8A}.Debug|Any CPU.ActiveCfg = Debug|Any CPU
		{46CA3186-2216-4A9E-B542-EC6356E0DF8A}.Debug|Any CPU.Build.0 = Debug|Any CPU
		{46CA3186-2216-4A9E-B542-EC6356E0DF8A}.Debug|ARM.ActiveCfg = Debug|Any CPU
		{46CA3186-2216-4A9E-B542-EC6356E0DF8A}.Debug|ARM.Build.0 = Debug|Any CPU
		{46CA3186-2216-4A9E-B542-EC6356E0DF8A}.Debug|ARM64.ActiveCfg = Debug|Any CPU
		{46CA3186-2216-4A9E-B542-EC6356E0DF8A}.Debug|ARM64.Build.0 = Debug|Any CPU
		{46CA3186-2216-4A9E-B542-EC6356E0DF8A}.Debug|x64.ActiveCfg = Debug|Any CPU
		{46CA3186-2216-4A9E-B542-EC6356E0DF8A}.Debug|x64.Build.0 = Debug|Any CPU
		{46CA3186-2216-4A9E-B542-EC6356E0DF8A}.Debug|x86.ActiveCfg = Debug|Any CPU
		{46CA3186-2216-4A9E-B542-EC6356E0DF8A}.Debug|x86.Build.0 = Debug|Any CPU
		{46CA3186-2216-4A9E-B542-EC6356E0DF8A}.Release|Any CPU.ActiveCfg = Release|Any CPU
		{46CA3186-2216-4A9E-B542-EC6356E0DF8A}.Release|Any CPU.Build.0 = Release|Any CPU
		{46CA3186-2216-4A9E-B542-EC6356E0DF8A}.Release|ARM.ActiveCfg = Release|Any CPU
		{46CA3186-2216-4A9E-B542-EC6356E0DF8A}.Release|ARM.Build.0 = Release|Any CPU
		{46CA3186-2216-4A9E-B542-EC6356E0DF8A}.Release|ARM64.ActiveCfg = Release|Any CPU
		{46CA3186-2216-4A9E-B542-EC6356E0DF8A}.Release|ARM64.Build.0 = Release|Any CPU
		{46CA3186-2216-4A9E-B542-EC6356E0DF8A}.Release|x64.ActiveCfg = Release|Any CPU
		{46CA3186-2216-4A9E-B542-EC6356E0DF8A}.Release|x64.Build.0 = Release|Any CPU
		{46CA3186-2216-4A9E-B542-EC6356E0DF8A}.Release|x86.ActiveCfg = Release|Any CPU
		{46CA3186-2216-4A9E-B542-EC6356E0DF8A}.Release|x86.Build.0 = Release|Any CPU
		{2DD5F2C5-E0E9-4001-830B-1F8836B868C7}.Debug|Any CPU.ActiveCfg = Debug|Any CPU
		{2DD5F2C5-E0E9-4001-830B-1F8836B868C7}.Debug|Any CPU.Build.0 = Debug|Any CPU
		{2DD5F2C5-E0E9-4001-830B-1F8836B868C7}.Debug|ARM.ActiveCfg = Debug|Any CPU
		{2DD5F2C5-E0E9-4001-830B-1F8836B868C7}.Debug|ARM.Build.0 = Debug|Any CPU
		{2DD5F2C5-E0E9-4001-830B-1F8836B868C7}.Debug|ARM64.ActiveCfg = Debug|Any CPU
		{2DD5F2C5-E0E9-4001-830B-1F8836B868C7}.Debug|ARM64.Build.0 = Debug|Any CPU
		{2DD5F2C5-E0E9-4001-830B-1F8836B868C7}.Debug|x64.ActiveCfg = Debug|Any CPU
		{2DD5F2C5-E0E9-4001-830B-1F8836B868C7}.Debug|x64.Build.0 = Debug|Any CPU
		{2DD5F2C5-E0E9-4001-830B-1F8836B868C7}.Debug|x86.ActiveCfg = Debug|Any CPU
		{2DD5F2C5-E0E9-4001-830B-1F8836B868C7}.Debug|x86.Build.0 = Debug|Any CPU
		{2DD5F2C5-E0E9-4001-830B-1F8836B868C7}.Release|Any CPU.ActiveCfg = Release|Any CPU
		{2DD5F2C5-E0E9-4001-830B-1F8836B868C7}.Release|Any CPU.Build.0 = Release|Any CPU
		{2DD5F2C5-E0E9-4001-830B-1F8836B868C7}.Release|ARM.ActiveCfg = Release|Any CPU
		{2DD5F2C5-E0E9-4001-830B-1F8836B868C7}.Release|ARM.Build.0 = Release|Any CPU
		{2DD5F2C5-E0E9-4001-830B-1F8836B868C7}.Release|ARM64.ActiveCfg = Release|Any CPU
		{2DD5F2C5-E0E9-4001-830B-1F8836B868C7}.Release|ARM64.Build.0 = Release|Any CPU
		{2DD5F2C5-E0E9-4001-830B-1F8836B868C7}.Release|x64.ActiveCfg = Release|Any CPU
		{2DD5F2C5-E0E9-4001-830B-1F8836B868C7}.Release|x64.Build.0 = Release|Any CPU
		{2DD5F2C5-E0E9-4001-830B-1F8836B868C7}.Release|x86.ActiveCfg = Release|Any CPU
		{2DD5F2C5-E0E9-4001-830B-1F8836B868C7}.Release|x86.Build.0 = Release|Any CPU
	EndGlobalSection
	GlobalSection(SolutionProperties) = preSolution
		HideSolutionNode = FALSE
	EndGlobalSection
	GlobalSection(ExtensibilityGlobals) = postSolution
		SolutionGuid = {31B00890-6FD4-4547-8014-B37A9551D677}
	EndGlobalSection
EndGlobal
